
Microsoft Visual Studio Solution File, Format Version 12.00
# Visual Studio 15
Project("{FAE04EC0-301F-11D3-BF4B-00C04F79EFBC}") = "Assembly-CSharp", "Assembly-CSharp.csproj", "{DAA66F4A-AA29-847D-39C3-13F4FE92335B}"
EndProject
Global
	GlobalSection(SolutionConfigurationPlatforms) = preSolution
		Debug|Any CPU = Debug|Any CPU
		Release|Any CPU = Release|Any CPU
	EndGlobalSection
	GlobalSection(ProjectConfigurationPlatforms) = postSolution
		{DAA66F4A-AA29-847D-39C3-13F4FE92335B}.Debug|Any CPU.ActiveCfg = Debug|Any CPU
		{DAA66F4A-AA29-847D-39C3-13F4FE92335B}.Debug|Any CPU.Build.0 = Debug|Any CPU
		{DAA66F4A-AA29-847D-39C3-13F4FE92335B}.Release|Any CPU.ActiveCfg = Release|Any CPU
		{DAA66F4A-AA29-847D-39C3-13F4FE92335B}.Release|Any CPU.Build.0 = Release|Any CPU
	EndGlobalSection
	GlobalSection(SolutionProperties) = preSolution
		HideSolutionNode = FALSE
	EndGlobalSection
EndGlobal
